
Microsoft Visual Studio Solution File, Format Version 12.00
# Visual Studio Version 17
VisualStudioVersion = 17.0.31903.59
MinimumVisualStudioVersion = 10.0.40219.1
Project("{FAE04EC0-301F-11D3-BF4B-00C04F79EFBC}") = "API", "API\API.csproj", "{4D4E6686-62FD-4F20-BD9F-4CBFC8C83767}"
EndProject
Project("{FAE04EC0-301F-11D3-BF4B-00C04F79EFBC}") = "Core", "Core\Core.csproj", "{AE032391-FC79-4745-8FF7-707EDA5FB8D1}"
EndProject
Project("{FAE04EC0-301F-11D3-BF4B-00C04F79EFBC}") = "Infrastructure", "Infrastructure\Infrastructure.csproj", "{88378584-FA10-47CD-B9AD-406B2D158482}"
EndProject
Global
	GlobalSection(SolutionConfigurationPlatforms) = preSolution
		Debug|Any CPU = Debug|Any CPU
		Debug|x64 = Debug|x64
		Debug|x86 = Debug|x86
		Release|Any CPU = Release|Any CPU
		Release|x64 = Release|x64
		Release|x86 = Release|x86
	EndGlobalSection
	GlobalSection(ProjectConfigurationPlatforms) = postSolution
		{4D4E6686-62FD-4F20-BD9F-4CBFC8C83767}.Debug|Any CPU.ActiveCfg = Debug|Any CPU
		{4D4E6686-62FD-4F20-BD9F-4CBFC8C83767}.Debug|Any CPU.Build.0 = Debug|Any CPU
		{4D4E6686-62FD-4F20-BD9F-4CBFC8C83767}.Debug|x64.ActiveCfg = Debug|Any CPU
		{4D4E6686-62FD-4F20-BD9F-4CBFC8C83767}.Debug|x64.Build.0 = Debug|Any CPU
		{4D4E6686-62FD-4F20-BD9F-4CBFC8C83767}.Debug|x86.ActiveCfg = Debug|Any CPU
		{4D4E6686-62FD-4F20-BD9F-4CBFC8C83767}.Debug|x86.Build.0 = Debug|Any CPU
		{4D4E6686-62FD-4F20-BD9F-4CBFC8C83767}.Release|Any CPU.ActiveCfg = Release|Any CPU
		{4D4E6686-62FD-4F20-BD9F-4CBFC8C83767}.Release|Any CPU.Build.0 = Release|Any CPU
		{4D4E6686-62FD-4F20-BD9F-4CBFC8C83767}.Release|x64.ActiveCfg = Release|Any CPU
		{4D4E6686-62FD-4F20-BD9F-4CBFC8C83767}.Release|x64.Build.0 = Release|Any CPU
		{4D4E6686-62FD-4F20-BD9F-4CBFC8C83767}.Release|x86.ActiveCfg = Release|Any CPU
		{4D4E6686-62FD-4F20-BD9F-4CBFC8C83767}.Release|x86.Build.0 = Release|Any CPU
		{AE032391-FC79-4745-8FF7-707EDA5FB8D1}.Debug|Any CPU.ActiveCfg = Debug|Any CPU
		{AE032391-FC79-4745-8FF7-707EDA5FB8D1}.Debug|Any CPU.Build.0 = Debug|Any CPU
		{AE032391-FC79-4745-8FF7-707EDA5FB8D1}.Debug|x64.ActiveCfg = Debug|Any CPU
		{AE032391-FC79-4745-8FF7-707EDA5FB8D1}.Debug|x64.Build.0 = Debug|Any CPU
		{AE032391-FC79-4745-8FF7-707EDA5FB8D1}.Debug|x86.ActiveCfg = Debug|Any CPU
		{AE032391-FC79-4745-8FF7-707EDA5FB8D1}.Debug|x86.Build.0 = Debug|Any CPU
		{AE032391-FC79-4745-8FF7-707EDA5FB8D1}.Release|Any CPU.ActiveCfg = Release|Any CPU
		{AE032391-FC79-4745-8FF7-707EDA5FB8D1}.Release|Any CPU.Build.0 = Release|Any CPU
		{AE032391-FC79-4745-8FF7-707EDA5FB8D1}.Release|x64.ActiveCfg = Release|Any CPU
		{AE032391-FC79-4745-8FF7-707EDA5FB8D1}.Release|x64.Build.0 = Release|Any CPU
		{AE032391-FC79-4745-8FF7-707EDA5FB8D1}.Release|x86.ActiveCfg = Release|Any CPU
		{AE032391-FC79-4745-8FF7-707EDA5FB8D1}.Release|x86.Build.0 = Release|Any CPU
		{88378584-FA10-47CD-B9AD-406B2D158482}.Debug|Any CPU.ActiveCfg = Debug|Any CPU
		{88378584-FA10-47CD-B9AD-406B2D158482}.Debug|Any CPU.Build.0 = Debug|Any CPU
		{88378584-FA10-47CD-B9AD-406B2D158482}.Debug|x64.ActiveCfg = Debug|Any CPU
		{88378584-FA10-47CD-B9AD-406B2D158482}.Debug|x64.Build.0 = Debug|Any CPU
		{88378584-FA10-47CD-B9AD-406B2D158482}.Debug|x86.ActiveCfg = Debug|Any CPU
		{88378584-FA10-47CD-B9AD-406B2D158482}.Debug|x86.Build.0 = Debug|Any CPU
		{88378584-FA10-47CD-B9AD-406B2D158482}.Release|Any CPU.ActiveCfg = Release|Any CPU
		{88378584-FA10-47CD-B9AD-406B2D158482}.Release|Any CPU.Build.0 = Release|Any CPU
		{88378584-FA10-47CD-B9AD-406B2D158482}.Release|x64.ActiveCfg = Release|Any CPU
		{88378584-FA10-47CD-B9AD-406B2D158482}.Release|x64.Build.0 = Release|Any CPU
		{88378584-FA10-47CD-B9AD-406B2D158482}.Release|x86.ActiveCfg = Release|Any CPU
		{88378584-FA10-47CD-B9AD-406B2D158482}.Release|x86.Build.0 = Release|Any CPU
	EndGlobalSection
	GlobalSection(SolutionProperties) = preSolution
		HideSolutionNode = FALSE
	EndGlobalSection
EndGlobal
